
Microsoft Visual Studio Solution File, Format Version 12.00
# Visual Studio 15
VisualStudioVersion = 15.0.28307.1340
MinimumVisualStudioVersion = 10.0.40219.1
Project("{F184B08F-C81C-45F6-A57F-5ABD9991F28F}") = "osiris", "osiris\osiris.vbproj", "{60AEC101-734E-4322-BC88-EC70A78B9650}"
EndProject
Project("{54435603-DBB4-11D2-8724-00A0C9A8B90C}") = "Osiris V.1.6", "Osiris V.1.0\Osiris V.1.0.vdproj", "{3F810BC4-B831-49A2-8541-76099E7BACF8}"
EndProject
Global
	GlobalSection(SolutionConfigurationPlatforms) = preSolution
		Debug|Any CPU = Debug|Any CPU
		Release|Any CPU = Release|Any CPU
	EndGlobalSection
	GlobalSection(ProjectConfigurationPlatforms) = postSolution
		{60AEC101-734E-4322-BC88-EC70A78B9650}.Debug|Any CPU.ActiveCfg = Debug|Any CPU
		{60AEC101-734E-4322-BC88-EC70A78B9650}.Debug|Any CPU.Build.0 = Debug|Any CPU
		{60AEC101-734E-4322-BC88-EC70A78B9650}.Release|Any CPU.ActiveCfg = Release|Any CPU
		{60AEC101-734E-4322-BC88-EC70A78B9650}.Release|Any CPU.Build.0 = Release|Any CPU
		{3F810BC4-B831-49A2-8541-76099E7BACF8}.Debug|Any CPU.ActiveCfg = Debug
		{3F810BC4-B831-49A2-8541-76099E7BACF8}.Debug|Any CPU.Build.0 = Debug
		{3F810BC4-B831-49A2-8541-76099E7BACF8}.Release|Any CPU.ActiveCfg = Debug
	EndGlobalSection
	GlobalSection(SolutionProperties) = preSolution
		HideSolutionNode = FALSE
	EndGlobalSection
	GlobalSection(ExtensibilityGlobals) = postSolution
		SolutionGuid = {04BB954C-0B83-46C3-8DDA-69576622C59B}
	EndGlobalSection
EndGlobal
